
Microsoft Visual Studio Solution File, Format Version 12.00
# Visual Studio Version 17
VisualStudioVersion = 17.8.34322.80
MinimumVisualStudioVersion = 10.0.40219.1
Project("{FAE04EC0-301F-11D3-BF4B-00C04F79EFBC}") = "CoffeeMachine", "CoffeeMachine\CoffeeMachine.csproj", "{A7241F7A-D185-49D8-8B15-DEA551BF0855}"
EndProject
Global
	GlobalSection(SolutionConfigurationPlatforms) = preSolution
		Debug|Any CPU = Debug|Any CPU
		Release|Any CPU = Release|Any CPU
	EndGlobalSection
	GlobalSection(ProjectConfigurationPlatforms) = postSolution
		{A7241F7A-D185-49D8-8B15-DEA551BF0855}.Debug|Any CPU.ActiveCfg = Debug|Any CPU
		{A7241F7A-D185-49D8-8B15-DEA551BF0855}.Debug|Any CPU.Build.0 = Debug|Any CPU
		{A7241F7A-D185-49D8-8B15-DEA551BF0855}.Release|Any CPU.ActiveCfg = Release|Any CPU
		{A7241F7A-D185-49D8-8B15-DEA551BF0855}.Release|Any CPU.Build.0 = Release|Any CPU
	EndGlobalSection
	GlobalSection(SolutionProperties) = preSolution
		HideSolutionNode = FALSE
	EndGlobalSection
	GlobalSection(ExtensibilityGlobals) = postSolution
		SolutionGuid = {E2BCEB2C-05FE-4A9B-B0C8-83508F43AEF5}
	EndGlobalSection
EndGlobal
